
Microsoft Visual Studio Solution File, Format Version 12.00
# Visual Studio Version 16
VisualStudioVersion = 16.0.31205.134
MinimumVisualStudioVersion = 10.0.40219.1
Project("{FAE04EC0-301F-11D3-BF4B-00C04F79EFBC}") = "TP5-Chotsourian.UI", "TP5-Chotsourian.UI.csproj", "{7AE5C07E-424B-4B38-AB60-9AD31674C4B7}"
EndProject
Project("{FAE04EC0-301F-11D3-BF4B-00C04F79EFBC}") = "TP5-Chotsourian.Data", "..\TP5-Chotsourian.Data\TP5-Chotsourian.Data.csproj", "{3EACBEE5-8FC2-499B-AFDE-28E4889068BF}"
EndProject
Project("{FAE04EC0-301F-11D3-BF4B-00C04F79EFBC}") = "TP5-Chotsourian.Entities", "..\TP5-Chotsourian.Entities\TP5-Chotsourian.Entities.csproj", "{F834793D-7291-443E-B1BA-D79C8A8A6230}"
EndProject
Project("{FAE04EC0-301F-11D3-BF4B-00C04F79EFBC}") = "TP5-Chotsourian.Logic", "..\TP5-Chotsourian.Logic\TP5-Chotsourian.Logic.csproj", "{F056F13C-04C4-439D-A086-9370C510119D}"
EndProject
Project("{FAE04EC0-301F-11D3-BF4B-00C04F79EFBC}") = "TP5-Chotsourian.MVC", "..\TP5-Chotsourian.MVC\TP5-Chotsourian.MVC.csproj", "{B70582FB-7D6D-420C-AE91-D335ED6A3EC4}"
EndProject
Global
	GlobalSection(SolutionConfigurationPlatforms) = preSolution
		Debug|Any CPU = Debug|Any CPU
		Release|Any CPU = Release|Any CPU
	EndGlobalSection
	GlobalSection(ProjectConfigurationPlatforms) = postSolution
		{7AE5C07E-424B-4B38-AB60-9AD31674C4B7}.Debug|Any CPU.ActiveCfg = Debug|Any CPU
		{7AE5C07E-424B-4B38-AB60-9AD31674C4B7}.Debug|Any CPU.Build.0 = Debug|Any CPU
		{7AE5C07E-424B-4B38-AB60-9AD31674C4B7}.Release|Any CPU.ActiveCfg = Release|Any CPU
		{7AE5C07E-424B-4B38-AB60-9AD31674C4B7}.Release|Any CPU.Build.0 = Release|Any CPU
		{3EACBEE5-8FC2-499B-AFDE-28E4889068BF}.Debug|Any CPU.ActiveCfg = Debug|Any CPU
		{3EACBEE5-8FC2-499B-AFDE-28E4889068BF}.Debug|Any CPU.Build.0 = Debug|Any CPU
		{3EACBEE5-8FC2-499B-AFDE-28E4889068BF}.Release|Any CPU.ActiveCfg = Release|Any CPU
		{3EACBEE5-8FC2-499B-AFDE-28E4889068BF}.Release|Any CPU.Build.0 = Release|Any CPU
		{F834793D-7291-443E-B1BA-D79C8A8A6230}.Debug|Any CPU.ActiveCfg = Debug|Any CPU
		{F834793D-7291-443E-B1BA-D79C8A8A6230}.Debug|Any CPU.Build.0 = Debug|Any CPU
		{F834793D-7291-443E-B1BA-D79C8A8A6230}.Release|Any CPU.ActiveCfg = Release|Any CPU
		{F834793D-7291-443E-B1BA-D79C8A8A6230}.Release|Any CPU.Build.0 = Release|Any CPU
		{F056F13C-04C4-439D-A086-9370C510119D}.Debug|Any CPU.ActiveCfg = Debug|Any CPU
		{F056F13C-04C4-439D-A086-9370C510119D}.Debug|Any CPU.Build.0 = Debug|Any CPU
		{F056F13C-04C4-439D-A086-9370C510119D}.Release|Any CPU.ActiveCfg = Release|Any CPU
		{F056F13C-04C4-439D-A086-9370C510119D}.Release|Any CPU.Build.0 = Release|Any CPU
		{B70582FB-7D6D-420C-AE91-D335ED6A3EC4}.Debug|Any CPU.ActiveCfg = Debug|Any CPU
		{B70582FB-7D6D-420C-AE91-D335ED6A3EC4}.Debug|Any CPU.Build.0 = Debug|Any CPU
		{B70582FB-7D6D-420C-AE91-D335ED6A3EC4}.Release|Any CPU.ActiveCfg = Release|Any CPU
		{B70582FB-7D6D-420C-AE91-D335ED6A3EC4}.Release|Any CPU.Build.0 = Release|Any CPU
	EndGlobalSection
	GlobalSection(SolutionProperties) = preSolution
		HideSolutionNode = FALSE
	EndGlobalSection
	GlobalSection(ExtensibilityGlobals) = postSolution
		SolutionGuid = {441B8F41-27F5-4CBC-8BF6-A24D0B1175EA}
	EndGlobalSection
EndGlobal
